
Microsoft Visual Studio Solution File, Format Version 12.00
# Visual Studio Version 16
VisualStudioVersion = 16.0.31605.320
MinimumVisualStudioVersion = 10.0.40219.1
Project("{FAE04EC0-301F-11D3-BF4B-00C04F79EFBC}") = "movie_webapp", "movie_webapp\movie_webapp.csproj", "{8218815D-1043-4E99-A341-75A2AC218751}"
EndProject
Global
	GlobalSection(SolutionConfigurationPlatforms) = preSolution
		Debug|Any CPU = Debug|Any CPU
		Release|Any CPU = Release|Any CPU
	EndGlobalSection
	GlobalSection(ProjectConfigurationPlatforms) = postSolution
		{8218815D-1043-4E99-A341-75A2AC218751}.Debug|Any CPU.ActiveCfg = Debug|Any CPU
		{8218815D-1043-4E99-A341-75A2AC218751}.Debug|Any CPU.Build.0 = Debug|Any CPU
		{8218815D-1043-4E99-A341-75A2AC218751}.Release|Any CPU.ActiveCfg = Release|Any CPU
		{8218815D-1043-4E99-A341-75A2AC218751}.Release|Any CPU.Build.0 = Release|Any CPU
	EndGlobalSection
	GlobalSection(SolutionProperties) = preSolution
		HideSolutionNode = FALSE
	EndGlobalSection
	GlobalSection(ExtensibilityGlobals) = postSolution
		SolutionGuid = {51B4B3CE-50C5-4CC1-BA52-63C7BAFC1CB5}
	EndGlobalSection
EndGlobal
